// !$*UTF8*$!
{
	archiveVersion = 1;
	classes = {
	};
	objectVersion = 50;
	objects = {

/* Begin PBXBuildFile section */
		4F02FD0120BE01260028BCA4 /* AppDelegate.swift in Sources */ = {isa = PBXBuildFile; fileRef = 4F02FD0020BE01260028BCA4 /* AppDelegate.swift */; };
		4F02FD0320BE01260028BCA4 /* ViewController.swift in Sources */ = {isa = PBXBuildFile; fileRef = 4F02FD0220BE01260028BCA4 /* ViewController.swift */; };
		4F02FD0620BE01260028BCA4 /* Main.storyboard in Resources */ = {isa = PBXBuildFile; fileRef = 4F02FD0420BE01260028BCA4 /* Main.storyboard */; };
		4F02FD0820BE01270028BCA4 /* Assets.xcassets in Resources */ = {isa = PBXBuildFile; fileRef = 4F02FD0720BE01270028BCA4 /* Assets.xcassets */; };
		4F02FD0B20BE01270028BCA4 /* LaunchScreen.storyboard in Resources */ = {isa = PBXBuildFile; fileRef = 4F02FD0920BE01270028BCA4 /* LaunchScreen.storyboard */; };
		4F02FD1620BE01270028BCA4 /* JustEatTests.swift in Sources */ = {isa = PBXBuildFile; fileRef = 4F02FD1520BE01270028BCA4 /* JustEatTests.swift */; };
		4F02FD2120BE01270028BCA4 /* JustEatUITests.swift in Sources */ = {isa = PBXBuildFile; fileRef = 4F02FD2020BE01270028BCA4 /* JustEatUITests.swift */; };
/* End PBXBuildFile section */

/* Begin PBXContainerItemProxy section */
		4F02FD1220BE01270028BCA4 /* PBXContainerItemProxy */ = {
			isa = PBXContainerItemProxy;
			containerPortal = 4F02FCF520BE01260028BCA4 /* Project object */;
			proxyType = 1;
			remoteGlobalIDString = 4F02FCFC20BE01260028BCA4;
			remoteInfo = JustEat;
		};
		4F02FD1D20BE01270028BCA4 /* PBXContainerItemProxy */ = {
			isa = PBXContainerItemProxy;
			containerPortal = 4F02FCF520BE01260028BCA4 /* Project object */;
			proxyType = 1;
			remoteGlobalIDString = 4F02FCFC20BE01260028BCA4;
			remoteInfo = JustEat;
		};
/* End PBXContainerItemProxy section */

/* Begin PBXFileReference section */
		4F02FCFD20BE01260028BCA4 /* JustEat.app */ = {isa = PBXFileReference; explicitFileType = wrapper.application; includeInIndex = 0; path = JustEat.app; sourceTree = BUILT_PRODUCTS_DIR; };
		4F02FD0020BE01260028BCA4 /* AppDelegate.swift */ = {isa = PBXFileReference; lastKnownFileType = sourcecode.swift; path = AppDelegate.swift; sourceTree = "<group>"; };
		4F02FD0220BE01260028BCA4 /* ViewController.swift */ = {isa = PBXFileReference; lastKnownFileType = sourcecode.swift; path = ViewController.swift; sourceTree = "<group>"; };
		4F02FD0520BE01260028BCA4 /* Base */ = {isa = PBXFileReference; lastKnownFileType = file.storyboard; name = Base; path = Base.lproj/Main.storyboard; sourceTree = "<group>"; };
		4F02FD0720BE01270028BCA4 /* Assets.xcassets */ = {isa = PBXFileReference; lastKnownFileType = folder.assetcatalog; path = Assets.xcassets; sourceTree = "<group>"; };
		4F02FD0A20BE01270028BCA4 /* Base */ = {isa = PBXFileReference; lastKnownFileType = file.storyboard; name = Base; path = Base.lproj/LaunchScreen.storyboard; sourceTree = "<group>"; };
		4F02FD0C20BE01270028BCA4 /* Info.plist */ = {isa = PBXFileReference; lastKnownFileType = text.plist.xml; path = Info.plist; sourceTree = "<group>"; };
		4F02FD1120BE01270028BCA4 /* JustEatTests.xctest */ = {isa = PBXFileReference; explicitFileType = wrapper.cfbundle; includeInIndex = 0; path = JustEatTests.xctest; sourceTree = BUILT_PRODUCTS_DIR; };
		4F02FD1520BE01270028BCA4 /* JustEatTests.swift */ = {isa = PBXFileReference; lastKnownFileType = sourcecode.swift; path = JustEatTests.swift; sourceTree = "<group>"; };
		4F02FD1720BE01270028BCA4 /* Info.plist */ = {isa = PBXFileReference; lastKnownFileType = text.plist.xml; path = Info.plist; sourceTree = "<group>"; };
		4F02FD1C20BE01270028BCA4 /* JustEatUITests.xctest */ = {isa = PBXFileReference; explicitFileType = wrapper.cfbundle; includeInIndex = 0; path = JustEatUITests.xctest; sourceTree = BUILT_PRODUCTS_DIR; };
		4F02FD2020BE01270028BCA4 /* JustEatUITests.swift */ = {isa = PBXFileReference; lastKnownFileType = sourcecode.swift; path = JustEatUITests.swift; sourceTree = "<group>"; };
		4F02FD2220BE01270028BCA4 /* Info.plist */ = {isa = PBXFileReference; lastKnownFileType = text.plist.xml; path = Info.plist; sourceTree = "<group>"; };
/* End PBXFileReference section */

/* Begin PBXFrameworksBuildPhase section */
		4F02FCFA20BE01260028BCA4 /* Frameworks */ = {
			isa = PBXFrameworksBuildPhase;
			buildActionMask = 2147483647;
			files = (
			);
			runOnlyForDeploymentPostprocessing = 0;
		};
		4F02FD0E20BE01270028BCA4 /* Frameworks */ = {
			isa = PBXFrameworksBuildPhase;
			buildActionMask = 2147483647;
			files = (
			);
			runOnlyForDeploymentPostprocessing = 0;
		};
		4F02FD1920BE01270028BCA4 /* Frameworks */ = {
			isa = PBXFrameworksBuildPhase;
			buildActionMask = 2147483647;
			files = (
			);
			runOnlyForDeploymentPostprocessing = 0;
		};
/* End PBXFrameworksBuildPhase section */

/* Begin PBXGroup section */
		4F02FCF420BE01260028BCA4 = {
			isa = PBXGroup;
			children = (
				4F02FCFF20BE01260028BCA4 /* JustEat */,
				4F02FD1420BE01270028BCA4 /* JustEatTests */,
				4F02FD1F20BE01270028BCA4 /* JustEatUITests */,
				4F02FCFE20BE01260028BCA4 /* Products */,
			);
			sourceTree = "<group>";
		};
		4F02FCFE20BE01260028BCA4 /* Products */ = {
			isa = PBXGroup;
			children = (
				4F02FCFD20BE01260028BCA4 /* JustEat.app */,
				4F02FD1120BE01270028BCA4 /* JustEatTests.xctest */,
				4F02FD1C20BE01270028BCA4 /* JustEatUITests.xctest */,
			);
			name = Products;
			sourceTree = "<group>";
		};
		4F02FCFF20BE01260028BCA4 /* JustEat */ = {
			isa = PBXGroup;
			children = (
				4F02FD0020BE01260028BCA4 /* AppDelegate.swift */,
				4F02FD0220BE01260028BCA4 /* ViewController.swift */,
				4F02FD0420BE01260028BCA4 /* Main.storyboard */,
				4F02FD0720BE01270028BCA4 /* Assets.xcassets */,
				4F02FD0920BE01270028BCA4 /* LaunchScreen.storyboard */,
				4F02FD0C20BE01270028BCA4 /* Info.plist */,
			);
			path = JustEat;
			sourceTree = "<group>";
		};
		4F02FD1420BE01270028BCA4 /* JustEatTests */ = {
			isa = PBXGroup;
			children = (
				4F02FD1520BE01270028BCA4 /* JustEatTests.swift */,
				4F02FD1720BE01270028BCA4 /* Info.plist */,
			);
			path = JustEatTests;
			sourceTree = "<group>";
		};
		4F02FD1F20BE01270028BCA4 /* JustEatUITests */ = {
			isa = PBXGroup;
			children = (
				4F02FD2020BE01270028BCA4 /* JustEatUITests.swift */,
				4F02FD2220BE01270028BCA4 /* Info.plist */,
			);
			path = JustEatUITests;
			sourceTree = "<group>";
		};
/* End PBXGroup section */

/* Begin PBXNativeTarget section */
		4F02FCFC20BE01260028BCA4 /* JustEat */ = {
			isa = PBXNativeTarget;
			buildConfigurationList = 4F02FD2520BE01270028BCA4 /* Build configuration list for PBXNativeTarget "JustEat" */;
			buildPhases = (
				4F02FCF920BE01260028BCA4 /* Sources */,
				4F02FCFA20BE01260028BCA4 /* Frameworks */,
				4F02FCFB20BE01260028BCA4 /* Resources */,
			);
			buildRules = (
			);
			dependencies = (
			);
			name = JustEat;
			productName = JustEat;
			productReference = 4F02FCFD20BE01260028BCA4 /* JustEat.app */;
			productType = "com.apple.product-type.application";
		};
		4F02FD1020BE01270028BCA4 /* JustEatTests */ = {
			isa = PBXNativeTarget;
			buildConfigurationList = 4F02FD2820BE01270028BCA4 /* Build configuration list for PBXNativeTarget "JustEatTests" */;
			buildPhases = (
				4F02FD0D20BE01270028BCA4 /* Sources */,
				4F02FD0E20BE01270028BCA4 /* Frameworks */,
				4F02FD0F20BE01270028BCA4 /* Resources */,
			);
			buildRules = (
			);
			dependencies = (
				4F02FD1320BE01270028BCA4 /* PBXTargetDependency */,
			);
			name = JustEatTests;
			productName = JustEatTests;
			productReference = 4F02FD1120BE01270028BCA4 /* JustEatTests.xctest */;
			productType = "com.apple.product-type.bundle.unit-test";
		};
		4F02FD1B20BE01270028BCA4 /* JustEatUITests */ = {
			isa = PBXNativeTarget;
			buildConfigurationList = 4F02FD2B20BE01270028BCA4 /* Build configuration list for PBXNativeTarget "JustEatUITests" */;
			buildPhases = (
				4F02FD1820BE01270028BCA4 /* Sources */,
				4F02FD1920BE01270028BCA4 /* Frameworks */,
				4F02FD1A20BE01270028BCA4 /* Resources */,
			);
			buildRules = (
			);
			dependencies = (
				4F02FD1E20BE01270028BCA4 /* PBXTargetDependency */,
			);
			name = JustEatUITests;
			productName = JustEatUITests;
			productReference = 4F02FD1C20BE01270028BCA4 /* JustEatUITests.xctest */;
			productType = "com.apple.product-type.bundle.ui-testing";
		};
/* End PBXNativeTarget section */

/* Begin PBXProject section */
		4F02FCF520BE01260028BCA4 /* Project object */ = {
			isa = PBXProject;
			attributes = {
				LastSwiftUpdateCheck = 0930;
				LastUpgradeCheck = 0930;
				ORGANIZATIONNAME = ivantkachenko;
				TargetAttributes = {
					4F02FCFC20BE01260028BCA4 = {
						CreatedOnToolsVersion = 9.3.1;
					};
					4F02FD1020BE01270028BCA4 = {
						CreatedOnToolsVersion = 9.3.1;
						TestTargetID = 4F02FCFC20BE01260028BCA4;
					};
					4F02FD1B20BE01270028BCA4 = {
						CreatedOnToolsVersion = 9.3.1;
						TestTargetID = 4F02FCFC20BE01260028BCA4;
					};
				};
			};
			buildConfigurationList = 4F02FCF820BE01260028BCA4 /* Build configuration list for PBXProject "JustEat" */;
			compatibilityVersion = "Xcode 9.3";
			developmentRegion = en;
			hasScannedForEncodings = 0;
			knownRegions = (
				en,
				Base,
			);
			mainGroup = 4F02FCF420BE01260028BCA4;
			productRefGroup = 4F02FCFE20BE01260028BCA4 /* Products */;
			projectDirPath = "";
			projectRoot = "";
			targets = (
				4F02FCFC20BE01260028BCA4 /* JustEat */,
				4F02FD1020BE01270028BCA4 /* JustEatTests */,
				4F02FD1B20BE01270028BCA4 /* JustEatUITests */,
			);
		};
/* End PBXProject section */

/* Begin PBXResourcesBuildPhase section */
		4F02FCFB20BE01260028BCA4 /* Resources */ = {
			isa = PBXResourcesBuildPhase;
			buildActionMask = 2147483647;
			files = (
				4F02FD0B20BE01270028BCA4 /* LaunchScreen.storyboard in Resources */,
				4F02FD0820BE01270028BCA4 /* Assets.xcassets in Resources */,
				4F02FD0620BE01260028BCA4 /* Main.storyboard in Resources */,
			);
			runOnlyForDeploymentPostprocessing = 0;
		};
		4F02FD0F20BE01270028BCA4 /* Resources */ = {
			isa = PBXResourcesBuildPhase;
			buildActionMask = 2147483647;
			files = (
			);
			runOnlyForDeploymentPostprocessing = 0;
		};
		4F02FD1A20BE01270028BCA4 /* Resources */ = {
			isa = PBXResourcesBuildPhase;
			buildActionMask = 2147483647;
			files = (
			);
			runOnlyForDeploymentPostprocessing = 0;
		};
/* End PBXResourcesBuildPhase section */

/* Begin PBXSourcesBuildPhase section */
		4F02FCF920BE01260028BCA4 /* Sources */ = {
			isa = PBXSourcesBuildPhase;
			buildActionMask = 2147483647;
			files = (
				4F02FD0320BE01260028BCA4 /* ViewController.swift in Sources */,
				4F02FD0120BE01260028BCA4 /* AppDelegate.swift in Sources */,
			);
			runOnlyForDeploymentPostprocessing = 0;
		};
		4F02FD0D20BE01270028BCA4 /* Sources */ = {
			isa = PBXSourcesBuildPhase;
			buildActionMask = 2147483647;
			files = (
				4F02FD1620BE01270028BCA4 /* JustEatTests.swift in Sources */,
			);
			runOnlyForDeploymentPostprocessing = 0;
		};
		4F02FD1820BE01270028BCA4 /* Sources */ = {
			isa = PBXSourcesBuildPhase;
			buildActionMask = 2147483647;
			files = (
				4F02FD2120BE01270028BCA4 /* JustEatUITests.swift in Sources */,
			);
			runOnlyForDeploymentPostprocessing = 0;
		};
/* End PBXSourcesBuildPhase section */

/* Begin PBXTargetDependency section */
		4F02FD1320BE01270028BCA4 /* PBXTargetDependency */ = {
			isa = PBXTargetDependency;
			target = 4F02FCFC20BE01260028BCA4 /* JustEat */;
			targetProxy = 4F02FD1220BE01270028BCA4 /* PBXContainerItemProxy */;
		};
		4F02FD1E20BE01270028BCA4 /* PBXTargetDependency */ = {
			isa = PBXTargetDependency;
			target = 4F02FCFC20BE01260028BCA4 /* JustEat */;
			targetProxy = 4F02FD1D20BE01270028BCA4 /* PBXContainerItemProxy */;
		};
/* End PBXTargetDependency section */

/* Begin PBXVariantGroup section */
		4F02FD0420BE01260028BCA4 /* Main.storyboard */ = {
			isa = PBXVariantGroup;
			children = (
				4F02FD0520BE01260028BCA4 /* Base */,
			);
			name = Main.storyboard;
			sourceTree = "<group>";
		};
		4F02FD0920BE01270028BCA4 /* LaunchScreen.storyboard */ = {
			isa = PBXVariantGroup;
			children = (
				4F02FD0A20BE01270028BCA4 /* Base */,
			);
			name = LaunchScreen.storyboard;
			sourceTree = "<group>";
		};
/* End PBXVariantGroup section */

/* Begin XCBuildConfiguration section */
		4F02FD2320BE01270028BCA4 /* Debug */ = {
			isa = XCBuildConfiguration;
			buildSettings = {
				ALWAYS_SEARCH_USER_PATHS = NO;
				CLANG_ANALYZER_NONNULL = YES;
				CLANG_ANALYZER_NUMBER_OBJECT_CONVERSION = YES_AGGRESSIVE;
				CLANG_CXX_LANGUAGE_STANDARD = "gnu++14";
				CLANG_CXX_LIBRARY = "libc++";
				CLANG_ENABLE_MODULES = YES;
				CLANG_ENABLE_OBJC_ARC = YES;
				CLANG_ENABLE_OBJC_WEAK = YES;
				CLANG_WARN_BLOCK_CAPTURE_AUTORELEASING = YES;
				CLANG_WARN_BOOL_CONVERSION = YES;
				CLANG_WARN_COMMA = YES;
				CLANG_WARN_CONSTANT_CONVERSION = YES;
				CLANG_WARN_DEPRECATED_OBJC_IMPLEMENTATIONS = YES;
				CLANG_WARN_DIRECT_OBJC_ISA_USAGE = YES_ERROR;
				CLANG_WARN_DOCUMENTATION_COMMENTS = YES;
				CLANG_WARN_EMPTY_BODY = YES;
				CLANG_WARN_ENUM_CONVERSION = YES;
				CLANG_WARN_INFINITE_RECURSION = YES;
				CLANG_WARN_INT_CONVERSION = YES;
				CLANG_WARN_NON_LITERAL_NULL_CONVERSION = YES;
				CLANG_WARN_OBJC_IMPLICIT_RETAIN_SELF = YES;
				CLANG_WARN_OBJC_LITERAL_CONVERSION = YES;
				CLANG_WARN_OBJC_ROOT_CLASS = YES_ERROR;
				CLANG_WARN_RANGE_LOOP_ANALYSIS = YES;
				CLANG_WARN_STRICT_PROTOTYPES = YES;
				CLANG_WARN_SUSPICIOUS_MOVE = YES;
				CLANG_WARN_UNGUARDED_AVAILABILITY = YES_AGGRESSIVE;
				CLANG_WARN_UNREACHABLE_CODE = YES;
				CLANG_WARN__DUPLICATE_METHOD_MATCH = YES;
				CODE_SIGN_IDENTITY = "iPhone Developer";
				COPY_PHASE_STRIP = NO;
				DEBUG_INFORMATION_FORMAT = dwarf;
				ENABLE_STRICT_OBJC_MSGSEND = YES;
				ENABLE_TESTABILITY = YES;
				GCC_C_LANGUAGE_STANDARD = gnu11;
				GCC_DYNAMIC_NO_PIC = NO;
				GCC_NO_COMMON_BLOCKS = YES;
				GCC_OPTIMIZATION_LEVEL = 0;
				GCC_PREPROCESSOR_DEFINITIONS = (
					"DEBUG=1",
					"$(inherited)",
				);
				GCC_WARN_64_TO_32_BIT_CONVERSION = YES;
				GCC_WARN_ABOUT_RETURN_TYPE = YES_ERROR;
				GCC_WARN_UNDECLARED_SELECTOR = YES;
				GCC_WARN_UNINITIALIZED_AUTOS = YES_AGGRESSIVE;
				GCC_WARN_UNUSED_FUNCTION = YES;
				GCC_WARN_UNUSED_VARIABLE = YES;
				IPHONEOS_DEPLOYMENT_TARGET = 11.3;
				MTL_ENABLE_DEBUG_INFO = YES;
				ONLY_ACTIVE_ARCH = YES;
				SDKROOT = iphoneos;
				SWIFT_ACTIVE_COMPILATION_CONDITIONS = DEBUG;
				SWIFT_OPTIMIZATION_LEVEL = "-Onone";
			};
			name = Debug;
		};
		4F02FD2420BE01270028BCA4 /* Release */ = {
			isa = XCBuildConfiguration;
			buildSettings = {
				ALWAYS_SEARCH_USER_PATHS = NO;
				CLANG_ANALYZER_NONNULL = YES;
				CLANG_ANALYZER_NUMBER_OBJECT_CONVERSION = YES_AGGRESSIVE;
				CLANG_CXX_LANGUAGE_STANDARD = "gnu++14";
				CLANG_CXX_LIBRARY = "libc++";
				CLANG_ENABLE_MODULES = YES;
				CLANG_ENABLE_OBJC_ARC = YES;
				CLANG_ENABLE_OBJC_WEAK = YES;
				CLANG_WARN_BLOCK_CAPTURE_AUTORELEASING = YES;
				CLANG_WARN_BOOL_CONVERSION = YES;
				CLANG_WARN_COMMA = YES;
				CLANG_WARN_CONSTANT_CONVERSION = YES;
				CLANG_WARN_DEPRECATED_OBJC_IMPLEMENTATIONS = YES;
				CLANG_WARN_DIRECT_OBJC_ISA_USAGE = YES_ERROR;
				CLANG_WARN_DOCUMENTATION_COMMENTS = YES;
				CLANG_WARN_EMPTY_BODY = YES;
				CLANG_WARN_ENUM_CONVERSION = YES;
				CLANG_WARN_INFINITE_RECURSION = YES;
				CLANG_WARN_INT_CONVERSION = YES;
				CLANG_WARN_NON_LITERAL_NULL_CONVERSION = YES;
				CLANG_WARN_OBJC_IMPLICIT_RETAIN_SELF = YES;
				CLANG_WARN_OBJC_LITERAL_CONVERSION = YES;
				CLANG_WARN_OBJC_ROOT_CLASS = YES_ERROR;
				CLANG_WARN_RANGE_LOOP_ANALYSIS = YES;
				CLANG_WARN_STRICT_PROTOTYPES = YES;
				CLANG_WARN_SUSPICIOUS_MOVE = YES;
				CLANG_WARN_UNGUARDED_AVAILABILITY = YES_AGGRESSIVE;
				CLANG_WARN_UNREACHABLE_CODE = YES;
				CLANG_WARN__DUPLICATE_METHOD_MATCH = YES;
				CODE_SIGN_IDENTITY = "iPhone Developer";
				COPY_PHASE_STRIP = NO;
				DEBUG_INFORMATION_FORMAT = "dwarf-with-dsym";
				ENABLE_NS_ASSERTIONS = NO;
				ENABLE_STRICT_OBJC_MSGSEND = YES;
				GCC_C_LANGUAGE_STANDARD = gnu11;
				GCC_NO_COMMON_BLOCKS = YES;
				GCC_WARN_64_TO_32_BIT_CONVERSION = YES;
				GCC_WARN_ABOUT_RETURN_TYPE = YES_ERROR;
				GCC_WARN_UNDECLARED_SELECTOR = YES;
				GCC_WARN_UNINITIALIZED_AUTOS = YES_AGGRESSIVE;
				GCC_WARN_UNUSED_FUNCTION = YES;
				GCC_WARN_UNUSED_VARIABLE = YES;
				IPHONEOS_DEPLOYMENT_TARGET = 11.3;
				MTL_ENABLE_DEBUG_INFO = NO;
				SDKROOT = iphoneos;
				SWIFT_COMPILATION_MODE = wholemodule;
				SWIFT_OPTIMIZATION_LEVEL = "-O";
				VALIDATE_PRODUCT = YES;
			};
			name = Release;
		};
		4F02FD2620BE01270028BCA4 /* Debug */ = {
			isa = XCBuildConfiguration;
			buildSettings = {
				ASSETCATALOG_COMPILER_APPICON_NAME = AppIcon;
				CODE_SIGN_STYLE = Automatic;
				DEVELOPMENT_TEAM = 3PTNY5RRD7;
				INFOPLIST_FILE = JustEat/Info.plist;
				LD_RUNPATH_SEARCH_PATHS = (
					"$(inherited)",
					"@executable_path/Frameworks",
				);
				PRODUCT_BUNDLE_IDENTIFIER = com.ivantkachenko.JustEat;
				PRODUCT_NAME = "$(TARGET_NAME)";
				SWIFT_VERSION = 4.0;
				TARGETED_DEVICE_FAMILY = "1,2";
			};
			name = Debug;
		};
		4F02FD2720BE01270028BCA4 /* Release */ = {
			isa = XCBuildConfiguration;
			buildSettings = {
				ASSETCATALOG_COMPILER_APPICON_NAME = AppIcon;
				CODE_SIGN_STYLE = Automatic;
				DEVELOPMENT_TEAM = 3PTNY5RRD7;
				INFOPLIST_FILE = JustEat/Info.plist;
				LD_RUNPATH_SEARCH_PATHS = (
					"$(inherited)",
					"@executable_path/Frameworks",
				);
				PRODUCT_BUNDLE_IDENTIFIER = com.ivantkachenko.JustEat;
				PRODUCT_NAME = "$(TARGET_NAME)";
				SWIFT_VERSION = 4.0;
				TARGETED_DEVICE_FAMILY = "1,2";
			};
			name = Release;
		};
		4F02FD2920BE01270028BCA4 /* Debug */ = {
			isa = XCBuildConfiguration;
			buildSettings = {
				ALWAYS_EMBED_SWIFT_STANDARD_LIBRARIES = YES;
				BUNDLE_LOADER = "$(TEST_HOST)";
				CODE_SIGN_STYLE = Automatic;
				DEVELOPMENT_TEAM = 3PTNY5RRD7;
				INFOPLIST_FILE = JustEatTests/Info.plist;
				LD_RUNPATH_SEARCH_PATHS = (
					"$(inherited)",
					"@executable_path/Frameworks",
					"@loader_path/Frameworks",
				);
				PRODUCT_BUNDLE_IDENTIFIER = com.ivantkachenko.JustEatTests;
				PRODUCT_NAME = "$(TARGET_NAME)";
				SWIFT_VERSION = 4.0;
				TARGETED_DEVICE_FAMILY = "1,2";
				TEST_HOST = "$(BUILT_PRODUCTS_DIR)/JustEat.app/JustEat";
			};
			name = Debug;
		};
		4F02FD2A20BE01270028BCA4 /* Release */ = {
			isa = XCBuildConfiguration;
			buildSettings = {
				ALWAYS_EMBED_SWIFT_STANDARD_LIBRARIES = YES;
				BUNDLE_LOADER = "$(TEST_HOST)";
				CODE_SIGN_STYLE = Automatic;
				DEVELOPMENT_TEAM = 3PTNY5RRD7;
				INFOPLIST_FILE = JustEatTests/Info.plist;
				LD_RUNPATH_SEARCH_PATHS = (
					"$(inherited)",
					"@executable_path/Frameworks",
					"@loader_path/Frameworks",
				);
				PRODUCT_BUNDLE_IDENTIFIER = com.ivantkachenko.JustEatTests;
				PRODUCT_NAME = "$(TARGET_NAME)";
				SWIFT_VERSION = 4.0;
				TARGETED_DEVICE_FAMILY = "1,2";
				TEST_HOST = "$(BUILT_PRODUCTS_DIR)/JustEat.app/JustEat";
			};
			name = Release;
		};
		4F02FD2C20BE01270028BCA4 /* Debug */ = {
			isa = XCBuildConfiguration;
			buildSettings = {
				ALWAYS_EMBED_SWIFT_STANDARD_LIBRARIES = YES;
				CODE_SIGN_STYLE = Automatic;
				DEVELOPMENT_TEAM = 3PTNY5RRD7;
				INFOPLIST_FILE = JustEatUITests/Info.plist;
				LD_RUNPATH_SEARCH_PATHS = (
					"$(inherited)",
					"@executable_path/Frameworks",
					"@loader_path/Frameworks",
				);
				PRODUCT_BUNDLE_IDENTIFIER = com.ivantkachenko.JustEatUITests;
				PRODUCT_NAME = "$(TARGET_NAME)";
				SWIFT_VERSION = 4.0;
				TARGETED_DEVICE_FAMILY = "1,2";
				TEST_TARGET_NAME = JustEat;
			};
			name = Debug;
		};
		4F02FD2D20BE01270028BCA4 /* Release */ = {
			isa = XCBuildConfiguration;
			buildSettings = {
				ALWAYS_EMBED_SWIFT_STANDARD_LIBRARIES = YES;
				CODE_SIGN_STYLE = Automatic;
				DEVELOPMENT_TEAM = 3PTNY5RRD7;
				INFOPLIST_FILE = JustEatUITests/Info.plist;
				LD_RUNPATH_SEARCH_PATHS = (
					"$(inherited)",
					"@executable_path/Frameworks",
					"@loader_path/Frameworks",
				);
				PRODUCT_BUNDLE_IDENTIFIER = com.ivantkachenko.JustEatUITests;
				PRODUCT_NAME = "$(TARGET_NAME)";
				SWIFT_VERSION = 4.0;
				TARGETED_DEVICE_FAMILY = "1,2";
				TEST_TARGET_NAME = JustEat;
			};
			name = Release;
		};
/* End XCBuildConfiguration section */

/* Begin XCConfigurationList section */
		4F02FCF820BE01260028BCA4 /* Build configuration list for PBXProject "JustEat" */ = {
			isa = XCConfigurationList;
			buildConfigurations = (
				4F02FD2320BE01270028BCA4 /* Debug */,
				4F02FD2420BE01270028BCA4 /* Release */,
			);
			defaultConfigurationIsVisible = 0;
			defaultConfigurationName = Release;
		};
		4F02FD2520BE01270028BCA4 /* Build configuration list for PBXNativeTarget "JustEat" */ = {
			isa = XCConfigurationList;
			buildConfigurations = (
				4F02FD2620BE01270028BCA4 /* Debug */,
				4F02FD2720BE01270028BCA4 /* Release */,
			);
			defaultConfigurationIsVisible = 0;
			defaultConfigurationName = Release;
		};
		4F02FD2820BE01270028BCA4 /* Build configuration list for PBXNativeTarget "JustEatTests" */ = {
			isa = XCConfigurationList;
			buildConfigurations = (
				4F02FD2920BE01270028BCA4 /* Debug */,
				4F02FD2A20BE01270028BCA4 /* Release */,
			);
			defaultConfigurationIsVisible = 0;
			defaultConfigurationName = Release;
		};
		4F02FD2B20BE01270028BCA4 /* Build configuration list for PBXNativeTarget "JustEatUITests" */ = {
			isa = XCConfigurationList;
			buildConfigurations = (
				4F02FD2C20BE01270028BCA4 /* Debug */,
				4F02FD2D20BE01270028BCA4 /* Release */,
			);
			defaultConfigurationIsVisible = 0;
			defaultConfigurationName = Release;
		};
/* End XCConfigurationList section */
	};
	rootObject = 4F02FCF520BE01260028BCA4 /* Project object */;
}
